{
  "requires": true,
  "lockfileVersion": 1,
  "dependencies": {
    "pngjs": {
      "version": "3.3.1",
      "resolved": "https://registry.npmjs.org/pngjs/-/pngjs-3.3.1.tgz",
      "integrity": "sha512-ggXCTsqHRIsGMkHlCEhbHhUmNTA2r1lpkE0NL4Q9S8spkXbm4vE9TVmPso2AGYn90Gltdz8W5CyzhcIGg2Gejg=="
    }
  }
}
